// !$*UTF8*$!
{
	archiveVersion = 1;
	classes = {
	};
	objectVersion = 56;
	objects = {

/* Begin PBXBuildFile section */
		BCA63B3C307C43A58FA9BD04 /* FinalFocusApp.swift in Sources */ = {isa = PBXBuildFile; fileRef = 4EDE0CBEC4BD405B8CB6D183 /* FinalFocusApp.swift */; };
		04E2A82254034E3FBB40B0E0 /* ContentView.swift in Sources */ = {isa = PBXBuildFile; fileRef = 7BE0D6152ABC4424BDE54DD8 /* ContentView.swift */; };
		6FF02E5C74034EF6806F6254 /* StudyPlan.swift in Sources */ = {isa = PBXBuildFile; fileRef = 22CECFFB9A324C96845BDDAF /* StudyPlan.swift */; };
		A8D421E26EB44629894E61AA /* FocusSession.swift in Sources */ = {isa = PBXBuildFile; fileRef = E8E508D29B7B48C98921F565 /* FocusSession.swift */; };
		158CF9F3A02C47A7A5CBAF48 /* AppModel.swift in Sources */ = {isa = PBXBuildFile; fileRef = D0373E3263694514A9D485E5 /* AppModel.swift */; };
		E673D293E19945C08FBC06AE /* ReminderCoordinator.swift in Sources */ = {isa = PBXBuildFile; fileRef = 7C5F9D4B98D448918289062A /* ReminderCoordinator.swift */; };
		8362FBBD01E146AAB54C7EE5 /* PlanAgentClient.swift in Sources */ = {isa = PBXBuildFile; fileRef = 5A6B1302FE9444FC93D99570 /* PlanAgentClient.swift */; };
		8167B32BA4214AF3ACF9CDCB /* Views.swift in Sources */ = {isa = PBXBuildFile; fileRef = 46479330808043BB901E38C1 /* Views.swift */; };
/* End PBXBuildFile section */

/* Begin PBXFileReference section */
		46AB23B5D0764621B2F54D1E /* FinalFocus.app */ = {isa = PBXFileReference; explicitFileType = wrapper.application; includeInIndex = 0; path = FinalFocus.app; sourceTree = BUILT_PRODUCTS_DIR; };
		4EDE0CBEC4BD405B8CB6D183 /* FinalFocusApp.swift */ = {isa = PBXFileReference; lastKnownFileType = sourcecode.swift; path = FinalFocusApp.swift; sourceTree = "<group>"; };
		7BE0D6152ABC4424BDE54DD8 /* ContentView.swift */ = {isa = PBXFileReference; lastKnownFileType = sourcecode.swift; path = ContentView.swift; sourceTree = "<group>"; };
		22CECFFB9A324C96845BDDAF /* StudyPlan.swift */ = {isa = PBXFileReference; lastKnownFileType = sourcecode.swift; path = StudyPlan.swift; sourceTree = "<group>"; };
		E8E508D29B7B48C98921F565 /* FocusSession.swift */ = {isa = PBXFileReference; lastKnownFileType = sourcecode.swift; path = FocusSession.swift; sourceTree = "<group>"; };
		D0373E3263694514A9D485E5 /* AppModel.swift */ = {isa = PBXFileReference; lastKnownFileType = sourcecode.swift; path = AppModel.swift; sourceTree = "<group>"; };
		7C5F9D4B98D448918289062A /* ReminderCoordinator.swift */ = {isa = PBXFileReference; lastKnownFileType = sourcecode.swift; path = ReminderCoordinator.swift; sourceTree = "<group>"; };
		5A6B1302FE9444FC93D99570 /* PlanAgentClient.swift */ = {isa = PBXFileReference; lastKnownFileType = sourcecode.swift; path = PlanAgentClient.swift; sourceTree = "<group>"; };
		46479330808043BB901E38C1 /* Views.swift */ = {isa = PBXFileReference; lastKnownFileType = sourcecode.swift; path = Views.swift; sourceTree = "<group>"; };
		A7B9A801AB8B45C8A0770249 /* Info.plist */ = {isa = PBXFileReference; lastKnownFileType = text.plist.xml; path = Info.plist; sourceTree = "<group>"; };
/* End PBXFileReference section */

/* Begin PBXFrameworksBuildPhase section */
		7358B1155881432D97B6CA39 /* Frameworks */ = {
			isa = PBXFrameworksBuildPhase;
			buildActionMask = 2147483647;
			files = (
			);
			runOnlyForDeploymentPostprocessing = 0;
		};
/* End PBXFrameworksBuildPhase section */

/* Begin PBXGroup section */
		BF172201CE6344358E50ACC9 = {
			isa = PBXGroup;
			children = (
				3C337814519C4D43ACDA18A6 /* FinalFocus */,
				31FEFB5931964425B86A6EC2 /* Products */,
			);
			sourceTree = "<group>";
		};
		31FEFB5931964425B86A6EC2 /* Products */ = {
			isa = PBXGroup;
			children = (
				46AB23B5D0764621B2F54D1E /* FinalFocus.app */,
			);
			name = Products;
			sourceTree = "<group>";
		};
		3C337814519C4D43ACDA18A6 /* FinalFocus */ = {
			isa = PBXGroup;
			children = (
				4EDE0CBEC4BD405B8CB6D183 /* FinalFocusApp.swift */,
				7BE0D6152ABC4424BDE54DD8 /* ContentView.swift */,
				5C5A50E7D07B454B8D5065BB /* Models */,
				491F1753FE044DC1B6AF17EF /* Services */,
				EB4E464EB58249929D8FA4FB /* Views */,
				A7B9A801AB8B45C8A0770249 /* Info.plist */,
			);
			path = FinalFocus;
			sourceTree = "<group>";
		};
		5C5A50E7D07B454B8D5065BB /* Models */ = {
			isa = PBXGroup;
			children = (
				22CECFFB9A324C96845BDDAF /* StudyPlan.swift */,
				E8E508D29B7B48C98921F565 /* FocusSession.swift */,
			);
			path = Models;
			sourceTree = "<group>";
		};
		491F1753FE044DC1B6AF17EF /* Services */ = {
			isa = PBXGroup;
			children = (
				D0373E3263694514A9D485E5 /* AppModel.swift */,
				7C5F9D4B98D448918289062A /* ReminderCoordinator.swift */,
				5A6B1302FE9444FC93D99570 /* PlanAgentClient.swift */,
			);
			path = Services;
			sourceTree = "<group>";
		};
		EB4E464EB58249929D8FA4FB /* Views */ = {
			isa = PBXGroup;
			children = (
				46479330808043BB901E38C1 /* Views.swift */,
			);
			path = Views;
			sourceTree = "<group>";
		};
/* End PBXGroup section */

/* Begin PBXNativeTarget section */
		3DB8E7D6329A4C089CC01EA0 /* FinalFocus */ = {
			isa = PBXNativeTarget;
			buildConfigurationList = EC4AB4F5711743CCB44920BB /* Build configuration list for PBXNativeTarget "FinalFocus" */;
			buildPhases = (
				7BE2C63BBF6343218550DC81 /* Sources */,
				7358B1155881432D97B6CA39 /* Frameworks */,
				BBFE3F69F7BD4BA7B5EADB78 /* Resources */,
			);
			buildRules = (
			);
			dependencies = (
			);
			name = FinalFocus;
			productName = FinalFocus;
			productReference = 46AB23B5D0764621B2F54D1E /* FinalFocus.app */;
			productType = "com.apple.product-type.application";
		};
/* End PBXNativeTarget section */

/* Begin PBXProject section */
		0A2F275A219E40718D27E03B /* Project object */ = {
			isa = PBXProject;
			attributes = {
				BuildIndependentTargetsInParallel = 1;
				LastSwiftUpdateCheck = 2640;
				LastUpgradeCheck = 2640;
				TargetAttributes = {
					3DB8E7D6329A4C089CC01EA0 = {
						CreatedOnToolsVersion = 26.4.1;
					};
				};
			};
			buildConfigurationList = 2A0BB27DAA564F53BE499025 /* Build configuration list for PBXProject "FinalFocus" */;
			compatibilityVersion = "Xcode 14.0";
			developmentRegion = en;
			hasScannedForEncodings = 0;
			knownRegions = (
				en,
				Base,
			);
			mainGroup = BF172201CE6344358E50ACC9;
			productRefGroup = 31FEFB5931964425B86A6EC2 /* Products */;
			projectDirPath = "";
			projectRoot = "";
			targets = (
				3DB8E7D6329A4C089CC01EA0 /* FinalFocus */,
			);
		};
/* End PBXProject section */

/* Begin PBXResourcesBuildPhase section */
		BBFE3F69F7BD4BA7B5EADB78 /* Resources */ = {
			isa = PBXResourcesBuildPhase;
			buildActionMask = 2147483647;
			files = (
			);
			runOnlyForDeploymentPostprocessing = 0;
		};
/* End PBXResourcesBuildPhase section */

/* Begin PBXSourcesBuildPhase section */
		7BE2C63BBF6343218550DC81 /* Sources */ = {
			isa = PBXSourcesBuildPhase;
			buildActionMask = 2147483647;
			files = (
				BCA63B3C307C43A58FA9BD04 /* FinalFocusApp.swift in Sources */,
				04E2A82254034E3FBB40B0E0 /* ContentView.swift in Sources */,
				6FF02E5C74034EF6806F6254 /* StudyPlan.swift in Sources */,
				A8D421E26EB44629894E61AA /* FocusSession.swift in Sources */,
				158CF9F3A02C47A7A5CBAF48 /* AppModel.swift in Sources */,
				E673D293E19945C08FBC06AE /* ReminderCoordinator.swift in Sources */,
				8362FBBD01E146AAB54C7EE5 /* PlanAgentClient.swift in Sources */,
				8167B32BA4214AF3ACF9CDCB /* Views.swift in Sources */,
			);
			runOnlyForDeploymentPostprocessing = 0;
		};
/* End PBXSourcesBuildPhase section */

/* Begin XCBuildConfiguration section */
		85465558238742FABBC36651 /* Debug */ = {
			isa = XCBuildConfiguration;
			buildSettings = {
				ALWAYS_SEARCH_USER_PATHS = NO;
				CLANG_ANALYZER_NONNULL = YES;
				CLANG_ANALYZER_NUMBER_OBJECT_CONVERSION = YES_AGGRESSIVE;
				CLANG_CXX_LANGUAGE_STANDARD = "gnu++20";
				CLANG_ENABLE_MODULES = YES;
				CLANG_ENABLE_OBJC_ARC = YES;
				CLANG_ENABLE_OBJC_WEAK = YES;
				CLANG_WARN_BLOCK_CAPTURE_AUTORELEASING = YES;
				CLANG_WARN_BOOL_CONVERSION = YES;
				CLANG_WARN_COMMA = YES;
				CLANG_WARN_CONSTANT_CONVERSION = YES;
				CLANG_WARN_DEPRECATED_OBJC_IMPLEMENTATIONS = YES;
				CLANG_WARN_DIRECT_OBJC_ISA_USAGE = YES_ERROR;
				CLANG_WARN_DOCUMENTATION_COMMENTS = YES;
				CLANG_WARN_EMPTY_BODY = YES;
				CLANG_WARN_ENUM_CONVERSION = YES;
				CLANG_WARN_INFINITE_RECURSION = YES;
				CLANG_WARN_INT_CONVERSION = YES;
				CLANG_WARN_NON_LITERAL_NULL_CONVERSION = YES;
				CLANG_WARN_OBJC_IMPLICIT_RETAIN_SELF = YES;
				CLANG_WARN_OBJC_LITERAL_CONVERSION = YES;
				CLANG_WARN_OBJC_ROOT_CLASS = YES_ERROR;
				CLANG_WARN_QUOTED_INCLUDE_IN_FRAMEWORK_HEADER = YES;
				CLANG_WARN_RANGE_LOOP_ANALYSIS = YES;
				CLANG_WARN_STRICT_PROTOTYPES = YES;
				CLANG_WARN_SUSPICIOUS_MOVE = YES;
				COPY_PHASE_STRIP = NO;
				DEBUG_INFORMATION_FORMAT = dwarf;
				ENABLE_STRICT_OBJC_MSGSEND = YES;
				ENABLE_TESTABILITY = YES;
				ENABLE_USER_SCRIPT_SANDBOXING = YES;
				GCC_C_LANGUAGE_STANDARD = gnu17;
				GCC_DYNAMIC_NO_PIC = NO;
				GCC_NO_COMMON_BLOCKS = YES;
				GCC_OPTIMIZATION_LEVEL = 0;
				GCC_PREPROCESSOR_DEFINITIONS = "DEBUG=1";
				GCC_WARN_64_TO_32_BIT_CONVERSION = YES;
				GCC_WARN_ABOUT_RETURN_TYPE = YES_ERROR;
				GCC_WARN_UNDECLARED_SELECTOR = YES;
				GCC_WARN_UNINITIALIZED_AUTOS = YES_AGGRESSIVE;
				GCC_WARN_UNUSED_FUNCTION = YES;
				GCC_WARN_UNUSED_VARIABLE = YES;
				IPHONEOS_DEPLOYMENT_TARGET = 17.0;
				MTL_ENABLE_DEBUG_INFO = INCLUDE_SOURCE;
				MTL_FAST_MATH = YES;
				ONLY_ACTIVE_ARCH = YES;
				SDKROOT = iphoneos;
				SWIFT_ACTIVE_COMPILATION_CONDITIONS = DEBUG;
				SWIFT_OPTIMIZATION_LEVEL = "-Onone";
			};
			name = Debug;
		};
		AFE5A3BE9352454DBC6651B8 /* Release */ = {
			isa = XCBuildConfiguration;
			buildSettings = {
				ALWAYS_SEARCH_USER_PATHS = NO;
				CLANG_ANALYZER_NONNULL = YES;
				CLANG_ANALYZER_NUMBER_OBJECT_CONVERSION = YES_AGGRESSIVE;
				CLANG_CXX_LANGUAGE_STANDARD = "gnu++20";
				CLANG_ENABLE_MODULES = YES;
				CLANG_ENABLE_OBJC_ARC = YES;
				CLANG_ENABLE_OBJC_WEAK = YES;
				CLANG_WARN_BLOCK_CAPTURE_AUTORELEASING = YES;
				CLANG_WARN_BOOL_CONVERSION = YES;
				CLANG_WARN_COMMA = YES;
				CLANG_WARN_CONSTANT_CONVERSION = YES;
				CLANG_WARN_DEPRECATED_OBJC_IMPLEMENTATIONS = YES;
				CLANG_WARN_DIRECT_OBJC_ISA_USAGE = YES_ERROR;
				CLANG_WARN_DOCUMENTATION_COMMENTS = YES;
				CLANG_WARN_EMPTY_BODY = YES;
				CLANG_WARN_ENUM_CONVERSION = YES;
				CLANG_WARN_INFINITE_RECURSION = YES;
				CLANG_WARN_INT_CONVERSION = YES;
				CLANG_WARN_NON_LITERAL_NULL_CONVERSION = YES;
				CLANG_WARN_OBJC_IMPLICIT_RETAIN_SELF = YES;
				CLANG_WARN_OBJC_LITERAL_CONVERSION = YES;
				CLANG_WARN_OBJC_ROOT_CLASS = YES_ERROR;
				CLANG_WARN_QUOTED_INCLUDE_IN_FRAMEWORK_HEADER = YES;
				CLANG_WARN_RANGE_LOOP_ANALYSIS = YES;
				CLANG_WARN_STRICT_PROTOTYPES = YES;
				CLANG_WARN_SUSPICIOUS_MOVE = YES;
				COPY_PHASE_STRIP = NO;
				DEBUG_INFORMATION_FORMAT = "dwarf-with-dsym";
				ENABLE_NS_ASSERTIONS = NO;
				ENABLE_STRICT_OBJC_MSGSEND = YES;
				ENABLE_USER_SCRIPT_SANDBOXING = YES;
				GCC_C_LANGUAGE_STANDARD = gnu17;
				GCC_NO_COMMON_BLOCKS = YES;
				GCC_WARN_64_TO_32_BIT_CONVERSION = YES;
				GCC_WARN_ABOUT_RETURN_TYPE = YES_ERROR;
				GCC_WARN_UNDECLARED_SELECTOR = YES;
				GCC_WARN_UNINITIALIZED_AUTOS = YES_AGGRESSIVE;
				GCC_WARN_UNUSED_FUNCTION = YES;
				GCC_WARN_UNUSED_VARIABLE = YES;
				IPHONEOS_DEPLOYMENT_TARGET = 17.0;
				MTL_ENABLE_DEBUG_INFO = NO;
				MTL_FAST_MATH = YES;
				SDKROOT = iphoneos;
				SWIFT_COMPILATION_MODE = wholemodule;
				VALIDATE_PRODUCT = YES;
			};
			name = Release;
		};
		15D654D6EF2448B789EC74B9 /* Debug */ = {
			isa = XCBuildConfiguration;
			buildSettings = {
				ASSETCATALOG_COMPILER_GLOBAL_ACCENT_COLOR_NAME = AccentColor;
				CODE_SIGN_STYLE = Automatic;
				CURRENT_PROJECT_VERSION = 1;
				DEVELOPMENT_TEAM = "";
				GENERATE_INFOPLIST_FILE = NO;
				INFOPLIST_FILE = FinalFocus/Info.plist;
				INFOPLIST_KEY_UIApplicationSceneManifest_Generation = YES;
				INFOPLIST_KEY_UIApplicationSupportsIndirectInputEvents = YES;
				INFOPLIST_KEY_UILaunchScreen_Generation = YES;
				INFOPLIST_KEY_UISupportedInterfaceOrientations_iPhone = "UIInterfaceOrientationPortrait UIInterfaceOrientationPortraitUpsideDown";
				LD_RUNPATH_SEARCH_PATHS = "$(inherited) @executable_path/Frameworks";
				MARKETING_VERSION = 0.1.0;
				PRODUCT_BUNDLE_IDENTIFIER = com.rxw.FinalFocus;
				PRODUCT_NAME = "$(TARGET_NAME)";
				SUPPORTED_PLATFORMS = "iphoneos iphonesimulator";
				SUPPORTS_MACCATALYST = NO;
				SUPPORTS_MAC_DESIGNED_FOR_IPHONE_IPAD = NO;
				SWIFT_EMIT_LOC_STRINGS = YES;
				SWIFT_VERSION = 5.0;
				TARGETED_DEVICE_FAMILY = 1;
			};
			name = Debug;
		};
		96B860E0B4C74EEEA515ACB0 /* Release */ = {
			isa = XCBuildConfiguration;
			buildSettings = {
				ASSETCATALOG_COMPILER_GLOBAL_ACCENT_COLOR_NAME = AccentColor;
				CODE_SIGN_STYLE = Automatic;
				CURRENT_PROJECT_VERSION = 1;
				DEVELOPMENT_TEAM = "";
				GENERATE_INFOPLIST_FILE = NO;
				INFOPLIST_FILE = FinalFocus/Info.plist;
				INFOPLIST_KEY_UIApplicationSceneManifest_Generation = YES;
				INFOPLIST_KEY_UIApplicationSupportsIndirectInputEvents = YES;
				INFOPLIST_KEY_UILaunchScreen_Generation = YES;
				INFOPLIST_KEY_UISupportedInterfaceOrientations_iPhone = "UIInterfaceOrientationPortrait UIInterfaceOrientationPortraitUpsideDown";
				LD_RUNPATH_SEARCH_PATHS = "$(inherited) @executable_path/Frameworks";
				MARKETING_VERSION = 0.1.0;
				PRODUCT_BUNDLE_IDENTIFIER = com.rxw.FinalFocus;
				PRODUCT_NAME = "$(TARGET_NAME)";
				SUPPORTED_PLATFORMS = "iphoneos iphonesimulator";
				SUPPORTS_MACCATALYST = NO;
				SUPPORTS_MAC_DESIGNED_FOR_IPHONE_IPAD = NO;
				SWIFT_EMIT_LOC_STRINGS = YES;
				SWIFT_VERSION = 5.0;
				TARGETED_DEVICE_FAMILY = 1;
			};
			name = Release;
		};
/* End XCBuildConfiguration section */

/* Begin XCConfigurationList section */
		2A0BB27DAA564F53BE499025 /* Build configuration list for PBXProject "FinalFocus" */ = {
			isa = XCConfigurationList;
			buildConfigurations = (
				85465558238742FABBC36651 /* Debug */,
				AFE5A3BE9352454DBC6651B8 /* Release */,
			);
			defaultConfigurationIsVisible = 0;
			defaultConfigurationName = Release;
		};
		EC4AB4F5711743CCB44920BB /* Build configuration list for PBXNativeTarget "FinalFocus" */ = {
			isa = XCConfigurationList;
			buildConfigurations = (
				15D654D6EF2448B789EC74B9 /* Debug */,
				96B860E0B4C74EEEA515ACB0 /* Release */,
			);
			defaultConfigurationIsVisible = 0;
			defaultConfigurationName = Release;
		};
/* End XCConfigurationList section */
	};
	rootObject = 0A2F275A219E40718D27E03B /* Project object */;
}
